
Microsoft Visual Studio Solution File, Format Version 12.00
# Visual Studio 15
VisualStudioVersion = 15.0.27004.2005
MinimumVisualStudioVersion = 10.0.40219.1
Project("{FAE04EC0-301F-11D3-BF4B-00C04F79EFBC}") = "Moana", "Moana\Moana.csproj", "{62CFE0A8-1D2A-458B-9382-207C7A33023A}"
EndProject
Project("{2150E333-8FDC-42A3-9474-1A3956D46DE8}") = "数据模型", "数据模型", "{9E24D745-FAE2-45D4-B5CF-45C3ABE847AD}"
EndProject
Project("{2150E333-8FDC-42A3-9474-1A3956D46DE8}") = "工具组", "工具组", "{AAF943FD-A231-48DA-8624-03CDFB683A9B}"
EndProject
Project("{FAE04EC0-301F-11D3-BF4B-00C04F79EFBC}") = "Moana.WakaTime.Models", "Moana.Models\Moana.WakaTime.Models\Moana.WakaTime.Models.csproj", "{35A6E025-19B9-4DAD-A4C1-479DD9616ACA}"
EndProject
Project("{FAE04EC0-301F-11D3-BF4B-00C04F79EFBC}") = "Moana.WakaTime.ToolKit", "Moana.Toolkits\Moana.WakaTime.ToolKit\Moana.WakaTime.ToolKit.csproj", "{D2036629-67C2-41E7-A42B-45747BAA2C1F}"
EndProject
Project("{FAE04EC0-301F-11D3-BF4B-00C04F79EFBC}") = "Moana.DB.SQLite", "Moana.Toolkits\Moana.DB.SQLite\Moana.DB.SQLite.csproj", "{42261314-7B56-4DB8-A266-0FA4C67C3142}"
EndProject
Project("{2150E333-8FDC-42A3-9474-1A3956D46DE8}") = "测试", "测试", "{62C6E164-640E-47C5-9E39-50AC09CC5527}"
EndProject
Project("{FAE04EC0-301F-11D3-BF4B-00C04F79EFBC}") = "DBTest", "Moana.Test\DBTest\DBTest.csproj", "{8F3E6F6D-63B2-4A80-BE84-3E80C66DFE9F}"
EndProject
Project("{FAE04EC0-301F-11D3-BF4B-00C04F79EFBC}") = "Moana.UWP", "Moana.UWP\Moana.UWP.csproj", "{1FBD345A-551E-40D1-BF2E-F9D0DF7BC348}"
EndProject
Project("{FAE04EC0-301F-11D3-BF4B-00C04F79EFBC}") = "Moana.Controls", "Moana.Toolkits\Moana.Controls\Moana.Controls.csproj", "{E353254C-DA84-4969-B4D0-1582E057FC00}"
EndProject
Project("{2150E333-8FDC-42A3-9474-1A3956D46DE8}") = "Common 工具类", "Common 工具类", "{690EBB1A-197F-4CE8-AB64-BB090D7B5251}"
EndProject
Project("{FAE04EC0-301F-11D3-BF4B-00C04F79EFBC}") = "Azylee.Core", "Common.Utils\Azylee.Core\Azylee.Core.csproj", "{88DC61FA-95F0-41B7-9D7D-AB0F3CBD169C}"
EndProject
Project("{FAE04EC0-301F-11D3-BF4B-00C04F79EFBC}") = "Azylee.YeahWeb", "Common.Utils\Azylee.YeahWeb\Azylee.YeahWeb.csproj", "{CCF7A654-B442-4DB1-BB3B-0F8014C3237F}"
EndProject
Global
	GlobalSection(SolutionConfigurationPlatforms) = preSolution
		Debug|Any CPU = Debug|Any CPU
		Debug|ARM = Debug|ARM
		Debug|x64 = Debug|x64
		Debug|x86 = Debug|x86
		Release|Any CPU = Release|Any CPU
		Release|ARM = Release|ARM
		Release|x64 = Release|x64
		Release|x86 = Release|x86
	EndGlobalSection
	GlobalSection(ProjectConfigurationPlatforms) = postSolution
		{62CFE0A8-1D2A-458B-9382-207C7A33023A}.Debug|Any CPU.ActiveCfg = Debug|Any CPU
		{62CFE0A8-1D2A-458B-9382-207C7A33023A}.Debug|Any CPU.Build.0 = Debug|Any CPU
		{62CFE0A8-1D2A-458B-9382-207C7A33023A}.Debug|ARM.ActiveCfg = Debug|Any CPU
		{62CFE0A8-1D2A-458B-9382-207C7A33023A}.Debug|ARM.Build.0 = Debug|Any CPU
		{62CFE0A8-1D2A-458B-9382-207C7A33023A}.Debug|x64.ActiveCfg = Debug|Any CPU
		{62CFE0A8-1D2A-458B-9382-207C7A33023A}.Debug|x64.Build.0 = Debug|Any CPU
		{62CFE0A8-1D2A-458B-9382-207C7A33023A}.Debug|x86.ActiveCfg = Debug|x86
		{62CFE0A8-1D2A-458B-9382-207C7A33023A}.Debug|x86.Build.0 = Debug|x86
		{62CFE0A8-1D2A-458B-9382-207C7A33023A}.Release|Any CPU.ActiveCfg = Release|Any CPU
		{62CFE0A8-1D2A-458B-9382-207C7A33023A}.Release|Any CPU.Build.0 = Release|Any CPU
		{62CFE0A8-1D2A-458B-9382-207C7A33023A}.Release|ARM.ActiveCfg = Release|Any CPU
		{62CFE0A8-1D2A-458B-9382-207C7A33023A}.Release|ARM.Build.0 = Release|Any CPU
		{62CFE0A8-1D2A-458B-9382-207C7A33023A}.Release|x64.ActiveCfg = Release|Any CPU
		{62CFE0A8-1D2A-458B-9382-207C7A33023A}.Release|x64.Build.0 = Release|Any CPU
		{62CFE0A8-1D2A-458B-9382-207C7A33023A}.Release|x86.ActiveCfg = Release|Any CPU
		{62CFE0A8-1D2A-458B-9382-207C7A33023A}.Release|x86.Build.0 = Release|Any CPU
		{35A6E025-19B9-4DAD-A4C1-479DD9616ACA}.Debug|Any CPU.ActiveCfg = Debug|Any CPU
		{35A6E025-19B9-4DAD-A4C1-479DD9616ACA}.Debug|Any CPU.Build.0 = Debug|Any CPU
		{35A6E025-19B9-4DAD-A4C1-479DD9616ACA}.Debug|ARM.ActiveCfg = Debug|Any CPU
		{35A6E025-19B9-4DAD-A4C1-479DD9616ACA}.Debug|ARM.Build.0 = Debug|Any CPU
		{35A6E025-19B9-4DAD-A4C1-479DD9616ACA}.Debug|x64.ActiveCfg = Debug|Any CPU
		{35A6E025-19B9-4DAD-A4C1-479DD9616ACA}.Debug|x64.Build.0 = Debug|Any CPU
		{35A6E025-19B9-4DAD-A4C1-479DD9616ACA}.Debug|x86.ActiveCfg = Debug|Any CPU
		{35A6E025-19B9-4DAD-A4C1-479DD9616ACA}.Debug|x86.Build.0 = Debug|Any CPU
		{35A6E025-19B9-4DAD-A4C1-479DD9616ACA}.Release|Any CPU.ActiveCfg = Release|Any CPU
		{35A6E025-19B9-4DAD-A4C1-479DD9616ACA}.Release|Any CPU.Build.0 = Release|Any CPU
		{35A6E025-19B9-4DAD-A4C1-479DD9616ACA}.Release|ARM.ActiveCfg = Release|Any CPU
		{35A6E025-19B9-4DAD-A4C1-479DD9616ACA}.Release|ARM.Build.0 = Release|Any CPU
		{35A6E025-19B9-4DAD-A4C1-479DD9616ACA}.Release|x64.ActiveCfg = Release|Any CPU
		{35A6E025-19B9-4DAD-A4C1-479DD9616ACA}.Release|x64.Build.0 = Release|Any CPU
		{35A6E025-19B9-4DAD-A4C1-479DD9616ACA}.Release|x86.ActiveCfg = Release|Any CPU
		{35A6E025-19B9-4DAD-A4C1-479DD9616ACA}.Release|x86.Build.0 = Release|Any CPU
		{D2036629-67C2-41E7-A42B-45747BAA2C1F}.Debug|Any CPU.ActiveCfg = Debug|Any CPU
		{D2036629-67C2-41E7-A42B-45747BAA2C1F}.Debug|Any CPU.Build.0 = Debug|Any CPU
		{D2036629-67C2-41E7-A42B-45747BAA2C1F}.Debug|ARM.ActiveCfg = Debug|Any CPU
		{D2036629-67C2-41E7-A42B-45747BAA2C1F}.Debug|ARM.Build.0 = Debug|Any CPU
		{D2036629-67C2-41E7-A42B-45747BAA2C1F}.Debug|x64.ActiveCfg = Debug|Any CPU
		{D2036629-67C2-41E7-A42B-45747BAA2C1F}.Debug|x64.Build.0 = Debug|Any CPU
		{D2036629-67C2-41E7-A42B-45747BAA2C1F}.Debug|x86.ActiveCfg = Debug|Any CPU
		{D2036629-67C2-41E7-A42B-45747BAA2C1F}.Debug|x86.Build.0 = Debug|Any CPU
		{D2036629-67C2-41E7-A42B-45747BAA2C1F}.Release|Any CPU.ActiveCfg = Release|Any CPU
		{D2036629-67C2-41E7-A42B-45747BAA2C1F}.Release|Any CPU.Build.0 = Release|Any CPU
		{D2036629-67C2-41E7-A42B-45747BAA2C1F}.Release|ARM.ActiveCfg = Release|Any CPU
		{D2036629-67C2-41E7-A42B-45747BAA2C1F}.Release|ARM.Build.0 = Release|Any CPU
		{D2036629-67C2-41E7-A42B-45747BAA2C1F}.Release|x64.ActiveCfg = Release|Any CPU
		{D2036629-67C2-41E7-A42B-45747BAA2C1F}.Release|x64.Build.0 = Release|Any CPU
		{D2036629-67C2-41E7-A42B-45747BAA2C1F}.Release|x86.ActiveCfg = Release|Any CPU
		{D2036629-67C2-41E7-A42B-45747BAA2C1F}.Release|x86.Build.0 = Release|Any CPU
		{42261314-7B56-4DB8-A266-0FA4C67C3142}.Debug|Any CPU.ActiveCfg = Debug|Any CPU
		{42261314-7B56-4DB8-A266-0FA4C67C3142}.Debug|Any CPU.Build.0 = Debug|Any CPU
		{42261314-7B56-4DB8-A266-0FA4C67C3142}.Debug|ARM.ActiveCfg = Debug|Any CPU
		{42261314-7B56-4DB8-A266-0FA4C67C3142}.Debug|ARM.Build.0 = Debug|Any CPU
		{42261314-7B56-4DB8-A266-0FA4C67C3142}.Debug|x64.ActiveCfg = Debug|Any CPU
		{42261314-7B56-4DB8-A266-0FA4C67C3142}.Debug|x64.Build.0 = Debug|Any CPU
		{42261314-7B56-4DB8-A266-0FA4C67C3142}.Debug|x86.ActiveCfg = Debug|Any CPU
		{42261314-7B56-4DB8-A266-0FA4C67C3142}.Debug|x86.Build.0 = Debug|Any CPU
		{42261314-7B56-4DB8-A266-0FA4C67C3142}.Release|Any CPU.ActiveCfg = Release|Any CPU
		{42261314-7B56-4DB8-A266-0FA4C67C3142}.Release|Any CPU.Build.0 = Release|Any CPU
		{42261314-7B56-4DB8-A266-0FA4C67C3142}.Release|ARM.ActiveCfg = Release|Any CPU
		{42261314-7B56-4DB8-A266-0FA4C67C3142}.Release|ARM.Build.0 = Release|Any CPU
		{42261314-7B56-4DB8-A266-0FA4C67C3142}.Release|x64.ActiveCfg = Release|Any CPU
		{42261314-7B56-4DB8-A266-0FA4C67C3142}.Release|x64.Build.0 = Release|Any CPU
		{42261314-7B56-4DB8-A266-0FA4C67C3142}.Release|x86.ActiveCfg = Release|Any CPU
		{42261314-7B56-4DB8-A266-0FA4C67C3142}.Release|x86.Build.0 = Release|Any CPU
		{8F3E6F6D-63B2-4A80-BE84-3E80C66DFE9F}.Debug|Any CPU.ActiveCfg = Debug|Any CPU
		{8F3E6F6D-63B2-4A80-BE84-3E80C66DFE9F}.Debug|Any CPU.Build.0 = Debug|Any CPU
		{8F3E6F6D-63B2-4A80-BE84-3E80C66DFE9F}.Debug|ARM.ActiveCfg = Debug|Any CPU
		{8F3E6F6D-63B2-4A80-BE84-3E80C66DFE9F}.Debug|ARM.Build.0 = Debug|Any CPU
		{8F3E6F6D-63B2-4A80-BE84-3E80C66DFE9F}.Debug|x64.ActiveCfg = Debug|Any CPU
		{8F3E6F6D-63B2-4A80-BE84-3E80C66DFE9F}.Debug|x64.Build.0 = Debug|Any CPU
		{8F3E6F6D-63B2-4A80-BE84-3E80C66DFE9F}.Debug|x86.ActiveCfg = Debug|Any CPU
		{8F3E6F6D-63B2-4A80-BE84-3E80C66DFE9F}.Debug|x86.Build.0 = Debug|Any CPU
		{8F3E6F6D-63B2-4A80-BE84-3E80C66DFE9F}.Release|Any CPU.ActiveCfg = Release|Any CPU
		{8F3E6F6D-63B2-4A80-BE84-3E80C66DFE9F}.Release|Any CPU.Build.0 = Release|Any CPU
		{8F3E6F6D-63B2-4A80-BE84-3E80C66DFE9F}.Release|ARM.ActiveCfg = Release|Any CPU
		{8F3E6F6D-63B2-4A80-BE84-3E80C66DFE9F}.Release|ARM.Build.0 = Release|Any CPU
		{8F3E6F6D-63B2-4A80-BE84-3E80C66DFE9F}.Release|x64.ActiveCfg = Release|Any CPU
		{8F3E6F6D-63B2-4A80-BE84-3E80C66DFE9F}.Release|x64.Build.0 = Release|Any CPU
		{8F3E6F6D-63B2-4A80-BE84-3E80C66DFE9F}.Release|x86.ActiveCfg = Release|Any CPU
		{8F3E6F6D-63B2-4A80-BE84-3E80C66DFE9F}.Release|x86.Build.0 = Release|Any CPU
		{1FBD345A-551E-40D1-BF2E-F9D0DF7BC348}.Debug|Any CPU.ActiveCfg = Debug|x86
		{1FBD345A-551E-40D1-BF2E-F9D0DF7BC348}.Debug|ARM.ActiveCfg = Debug|ARM
		{1FBD345A-551E-40D1-BF2E-F9D0DF7BC348}.Debug|ARM.Build.0 = Debug|ARM
		{1FBD345A-551E-40D1-BF2E-F9D0DF7BC348}.Debug|ARM.Deploy.0 = Debug|ARM
		{1FBD345A-551E-40D1-BF2E-F9D0DF7BC348}.Debug|x64.ActiveCfg = Debug|x64
		{1FBD345A-551E-40D1-BF2E-F9D0DF7BC348}.Debug|x64.Build.0 = Debug|x64
		{1FBD345A-551E-40D1-BF2E-F9D0DF7BC348}.Debug|x64.Deploy.0 = Debug|x64
		{1FBD345A-551E-40D1-BF2E-F9D0DF7BC348}.Debug|x86.ActiveCfg = Debug|x86
		{1FBD345A-551E-40D1-BF2E-F9D0DF7BC348}.Debug|x86.Build.0 = Debug|x86
		{1FBD345A-551E-40D1-BF2E-F9D0DF7BC348}.Debug|x86.Deploy.0 = Debug|x86
		{1FBD345A-551E-40D1-BF2E-F9D0DF7BC348}.Release|Any CPU.ActiveCfg = Release|x86
		{1FBD345A-551E-40D1-BF2E-F9D0DF7BC348}.Release|ARM.ActiveCfg = Release|ARM
		{1FBD345A-551E-40D1-BF2E-F9D0DF7BC348}.Release|ARM.Build.0 = Release|ARM
		{1FBD345A-551E-40D1-BF2E-F9D0DF7BC348}.Release|ARM.Deploy.0 = Release|ARM
		{1FBD345A-551E-40D1-BF2E-F9D0DF7BC348}.Release|x64.ActiveCfg = Release|x64
		{1FBD345A-551E-40D1-BF2E-F9D0DF7BC348}.Release|x64.Build.0 = Release|x64
		{1FBD345A-551E-40D1-BF2E-F9D0DF7BC348}.Release|x64.Deploy.0 = Release|x64
		{1FBD345A-551E-40D1-BF2E-F9D0DF7BC348}.Release|x86.ActiveCfg = Release|x86
		{1FBD345A-551E-40D1-BF2E-F9D0DF7BC348}.Release|x86.Build.0 = Release|x86
		{1FBD345A-551E-40D1-BF2E-F9D0DF7BC348}.Release|x86.Deploy.0 = Release|x86
		{E353254C-DA84-4969-B4D0-1582E057FC00}.Debug|Any CPU.ActiveCfg = Debug|Any CPU
		{E353254C-DA84-4969-B4D0-1582E057FC00}.Debug|Any CPU.Build.0 = Debug|Any CPU
		{E353254C-DA84-4969-B4D0-1582E057FC00}.Debug|ARM.ActiveCfg = Debug|Any CPU
		{E353254C-DA84-4969-B4D0-1582E057FC00}.Debug|ARM.Build.0 = Debug|Any CPU
		{E353254C-DA84-4969-B4D0-1582E057FC00}.Debug|x64.ActiveCfg = Debug|Any CPU
		{E353254C-DA84-4969-B4D0-1582E057FC00}.Debug|x64.Build.0 = Debug|Any CPU
		{E353254C-DA84-4969-B4D0-1582E057FC00}.Debug|x86.ActiveCfg = Debug|Any CPU
		{E353254C-DA84-4969-B4D0-1582E057FC00}.Debug|x86.Build.0 = Debug|Any CPU
		{E353254C-DA84-4969-B4D0-1582E057FC00}.Release|Any CPU.ActiveCfg = Release|Any CPU
		{E353254C-DA84-4969-B4D0-1582E057FC00}.Release|Any CPU.Build.0 = Release|Any CPU
		{E353254C-DA84-4969-B4D0-1582E057FC00}.Release|ARM.ActiveCfg = Release|Any CPU
		{E353254C-DA84-4969-B4D0-1582E057FC00}.Release|ARM.Build.0 = Release|Any CPU
		{E353254C-DA84-4969-B4D0-1582E057FC00}.Release|x64.ActiveCfg = Release|Any CPU
		{E353254C-DA84-4969-B4D0-1582E057FC00}.Release|x64.Build.0 = Release|Any CPU
		{E353254C-DA84-4969-B4D0-1582E057FC00}.Release|x86.ActiveCfg = Release|Any CPU
		{E353254C-DA84-4969-B4D0-1582E057FC00}.Release|x86.Build.0 = Release|Any CPU
		{88DC61FA-95F0-41B7-9D7D-AB0F3CBD169C}.Debug|Any CPU.ActiveCfg = Debug|Any CPU
		{88DC61FA-95F0-41B7-9D7D-AB0F3CBD169C}.Debug|Any CPU.Build.0 = Debug|Any CPU
		{88DC61FA-95F0-41B7-9D7D-AB0F3CBD169C}.Debug|ARM.ActiveCfg = Debug|Any CPU
		{88DC61FA-95F0-41B7-9D7D-AB0F3CBD169C}.Debug|ARM.Build.0 = Debug|Any CPU
		{88DC61FA-95F0-41B7-9D7D-AB0F3CBD169C}.Debug|x64.ActiveCfg = Debug|Any CPU
		{88DC61FA-95F0-41B7-9D7D-AB0F3CBD169C}.Debug|x64.Build.0 = Debug|Any CPU
		{88DC61FA-95F0-41B7-9D7D-AB0F3CBD169C}.Debug|x86.ActiveCfg = Debug|Any CPU
		{88DC61FA-95F0-41B7-9D7D-AB0F3CBD169C}.Debug|x86.Build.0 = Debug|Any CPU
		{88DC61FA-95F0-41B7-9D7D-AB0F3CBD169C}.Release|Any CPU.ActiveCfg = Release|Any CPU
		{88DC61FA-95F0-41B7-9D7D-AB0F3CBD169C}.Release|Any CPU.Build.0 = Release|Any CPU
		{88DC61FA-95F0-41B7-9D7D-AB0F3CBD169C}.Release|ARM.ActiveCfg = Release|Any CPU
		{88DC61FA-95F0-41B7-9D7D-AB0F3CBD169C}.Release|ARM.Build.0 = Release|Any CPU
		{88DC61FA-95F0-41B7-9D7D-AB0F3CBD169C}.Release|x64.ActiveCfg = Release|Any CPU
		{88DC61FA-95F0-41B7-9D7D-AB0F3CBD169C}.Release|x64.Build.0 = Release|Any CPU
		{88DC61FA-95F0-41B7-9D7D-AB0F3CBD169C}.Release|x86.ActiveCfg = Release|Any CPU
		{88DC61FA-95F0-41B7-9D7D-AB0F3CBD169C}.Release|x86.Build.0 = Release|Any CPU
		{CCF7A654-B442-4DB1-BB3B-0F8014C3237F}.Debug|Any CPU.ActiveCfg = Debug|Any CPU
		{CCF7A654-B442-4DB1-BB3B-0F8014C3237F}.Debug|Any CPU.Build.0 = Debug|Any CPU
		{CCF7A654-B442-4DB1-BB3B-0F8014C3237F}.Debug|ARM.ActiveCfg = Debug|Any CPU
		{CCF7A654-B442-4DB1-BB3B-0F8014C3237F}.Debug|ARM.Build.0 = Debug|Any CPU
		{CCF7A654-B442-4DB1-BB3B-0F8014C3237F}.Debug|x64.ActiveCfg = Debug|Any CPU
		{CCF7A654-B442-4DB1-BB3B-0F8014C3237F}.Debug|x64.Build.0 = Debug|Any CPU
		{CCF7A654-B442-4DB1-BB3B-0F8014C3237F}.Debug|x86.ActiveCfg = Debug|Any CPU
		{CCF7A654-B442-4DB1-BB3B-0F8014C3237F}.Debug|x86.Build.0 = Debug|Any CPU
		{CCF7A654-B442-4DB1-BB3B-0F8014C3237F}.Release|Any CPU.ActiveCfg = Release|Any CPU
		{CCF7A654-B442-4DB1-BB3B-0F8014C3237F}.Release|Any CPU.Build.0 = Release|Any CPU
		{CCF7A654-B442-4DB1-BB3B-0F8014C3237F}.Release|ARM.ActiveCfg = Release|Any CPU
		{CCF7A654-B442-4DB1-BB3B-0F8014C3237F}.Release|ARM.Build.0 = Release|Any CPU
		{CCF7A654-B442-4DB1-BB3B-0F8014C3237F}.Release|x64.ActiveCfg = Release|Any CPU
		{CCF7A654-B442-4DB1-BB3B-0F8014C3237F}.Release|x64.Build.0 = Release|Any CPU
		{CCF7A654-B442-4DB1-BB3B-0F8014C3237F}.Release|x86.ActiveCfg = Release|Any CPU
		{CCF7A654-B442-4DB1-BB3B-0F8014C3237F}.Release|x86.Build.0 = Release|Any CPU
	EndGlobalSection
	GlobalSection(SolutionProperties) = preSolution
		HideSolutionNode = FALSE
	EndGlobalSection
	GlobalSection(NestedProjects) = preSolution
		{35A6E025-19B9-4DAD-A4C1-479DD9616ACA} = {9E24D745-FAE2-45D4-B5CF-45C3ABE847AD}
		{D2036629-67C2-41E7-A42B-45747BAA2C1F} = {AAF943FD-A231-48DA-8624-03CDFB683A9B}
		{42261314-7B56-4DB8-A266-0FA4C67C3142} = {AAF943FD-A231-48DA-8624-03CDFB683A9B}
		{8F3E6F6D-63B2-4A80-BE84-3E80C66DFE9F} = {62C6E164-640E-47C5-9E39-50AC09CC5527}
		{E353254C-DA84-4969-B4D0-1582E057FC00} = {AAF943FD-A231-48DA-8624-03CDFB683A9B}
		{88DC61FA-95F0-41B7-9D7D-AB0F3CBD169C} = {690EBB1A-197F-4CE8-AB64-BB090D7B5251}
		{CCF7A654-B442-4DB1-BB3B-0F8014C3237F} = {690EBB1A-197F-4CE8-AB64-BB090D7B5251}
	EndGlobalSection
	GlobalSection(ExtensibilityGlobals) = postSolution
		SolutionGuid = {B484AABE-A0D3-46E2-9F76-404F2EC144CB}
	EndGlobalSection
EndGlobal
